
Microsoft Visual Studio Solution File, Format Version 12.00
# Visual Studio Version 16
VisualStudioVersion = 16.0.31515.178
MinimumVisualStudioVersion = 10.0.40219.1
Project("{FAE04EC0-301F-11D3-BF4B-00C04F79EFBC}") = "CustomerFeedback", "CustomerFeedback\CustomerFeedback.csproj", "{8B0A14DE-4423-44BE-B28B-C1191131F0B4}"
EndProject
Project("{FAE04EC0-301F-11D3-BF4B-00C04F79EFBC}") = "CustomerFeedbackDA", "CustomerFeedbackDA\CustomerFeedbackDA.csproj", "{9EA30E2D-E010-43C8-B348-3C65253026EE}"
EndProject
Project("{FAE04EC0-301F-11D3-BF4B-00C04F79EFBC}") = "CustomerFeedbackBL", "CustomerFeedbackBL\CustomerFeedbackBL.csproj", "{FD44B7F1-CDF0-437F-9E1A-66B0B17CDD0D}"
EndProject
Global
	GlobalSection(SolutionConfigurationPlatforms) = preSolution
		Debug|Any CPU = Debug|Any CPU
		Release|Any CPU = Release|Any CPU
	EndGlobalSection
	GlobalSection(ProjectConfigurationPlatforms) = postSolution
		{8B0A14DE-4423-44BE-B28B-C1191131F0B4}.Debug|Any CPU.ActiveCfg = Debug|Any CPU
		{8B0A14DE-4423-44BE-B28B-C1191131F0B4}.Debug|Any CPU.Build.0 = Debug|Any CPU
		{8B0A14DE-4423-44BE-B28B-C1191131F0B4}.Release|Any CPU.ActiveCfg = Release|Any CPU
		{8B0A14DE-4423-44BE-B28B-C1191131F0B4}.Release|Any CPU.Build.0 = Release|Any CPU
		{9EA30E2D-E010-43C8-B348-3C65253026EE}.Debug|Any CPU.ActiveCfg = Debug|Any CPU
		{9EA30E2D-E010-43C8-B348-3C65253026EE}.Debug|Any CPU.Build.0 = Debug|Any CPU
		{9EA30E2D-E010-43C8-B348-3C65253026EE}.Release|Any CPU.ActiveCfg = Release|Any CPU
		{9EA30E2D-E010-43C8-B348-3C65253026EE}.Release|Any CPU.Build.0 = Release|Any CPU
		{FD44B7F1-CDF0-437F-9E1A-66B0B17CDD0D}.Debug|Any CPU.ActiveCfg = Debug|Any CPU
		{FD44B7F1-CDF0-437F-9E1A-66B0B17CDD0D}.Debug|Any CPU.Build.0 = Debug|Any CPU
		{FD44B7F1-CDF0-437F-9E1A-66B0B17CDD0D}.Release|Any CPU.ActiveCfg = Release|Any CPU
		{FD44B7F1-CDF0-437F-9E1A-66B0B17CDD0D}.Release|Any CPU.Build.0 = Release|Any CPU
	EndGlobalSection
	GlobalSection(SolutionProperties) = preSolution
		HideSolutionNode = FALSE
	EndGlobalSection
	GlobalSection(ExtensibilityGlobals) = postSolution
		SolutionGuid = {421BADD4-251A-4B32-9E43-6C749B9FD11D}
	EndGlobalSection
EndGlobal
